
Microsoft Visual Studio Solution File, Format Version 12.00
# Visual Studio Version 17
VisualStudioVersion = 17.3.32901.215
MinimumVisualStudioVersion = 10.0.40219.1
Project("{FAE04EC0-301F-11D3-BF4B-00C04F79EFBC}") = "DemoWebAPI", "DemoWebAPI\DemoWebAPI.csproj", "{AB51FE9A-14B1-4B7B-AEEA-EA9DBDF33271}"
EndProject
Global
	GlobalSection(SolutionConfigurationPlatforms) = preSolution
		Debug|Any CPU = Debug|Any CPU
		Release|Any CPU = Release|Any CPU
	EndGlobalSection
	GlobalSection(ProjectConfigurationPlatforms) = postSolution
		{AB51FE9A-14B1-4B7B-AEEA-EA9DBDF33271}.Debug|Any CPU.ActiveCfg = Debug|Any CPU
		{AB51FE9A-14B1-4B7B-AEEA-EA9DBDF33271}.Debug|Any CPU.Build.0 = Debug|Any CPU
		{AB51FE9A-14B1-4B7B-AEEA-EA9DBDF33271}.Release|Any CPU.ActiveCfg = Release|Any CPU
		{AB51FE9A-14B1-4B7B-AEEA-EA9DBDF33271}.Release|Any CPU.Build.0 = Release|Any CPU
	EndGlobalSection
	GlobalSection(SolutionProperties) = preSolution
		HideSolutionNode = FALSE
	EndGlobalSection
	GlobalSection(ExtensibilityGlobals) = postSolution
		SolutionGuid = {4F22E281-DA2B-46DF-B7ED-2575A86A18F4}
	EndGlobalSection
EndGlobal
